PODS:
  - RxAtomic (4.4.0)
  - RxCocoa (4.4.0):
    - RxSwift (~> 4.0)
  - RxLocalizer (1.0.4):
    - RxCocoa (~> 4.4.0)
    - RxSwift (~> 4.4.0)
  - RxSwift (4.4.0):
    - RxAtomic (~> 4.4)

DEPENDENCIES:
  - RxCocoa
  - RxLocalizer (from `../`)
  - RxSwift

SPEC REPOS:
  https://github.com/cocoapods/specs.git:
    - RxAtomic
    - RxCocoa
    - RxSwift

EXTERNAL SOURCES:
  RxLocalizer:
    :path: "../"

SPEC CHECKSUMS:
  RxAtomic: eacf60db868c96bfd63320e28619fe29c179656f
  RxCocoa: df63ebf7b9a70d6b4eeea407ed5dd4efc8979749
  RxLocalizer: dea2f6195a4c207774f2971f62388cd16eb549ba
  RxSwift: 5976ecd04fc2fefd648827c23de5e11157faa973

PODFILE CHECKSUM: 0d7f71cbb988b985a9e6d50ab9ff283b16fd8d8a

COCOAPODS: 1.5.3
