{
  "object": {
    "pins": [
      {
        "package": "RxLocalizer",
        "repositoryURL": "/Users/vladkhambir/Developer/RxLocalizer",
        "state": {
          "branch": null,
          "revision": "f88cc5d3d4e72c9da864975a68ef3553976fad3a",
          "version": "1.7.0"
        }
      },
      {
        "package": "RxSwift",
        "repositoryURL": "https://github.com/ReactiveX/RxSwift.git",
        "state": {
          "branch": null,
          "revision": "7c17a6ccca06b5c107cfa4284e634562ddaf5951",
          "version": "6.2.0"
        }
      }
    ]
  },
  "version": 1
}
