{
  "object": {
    "pins": [
      {
        "package": "RxLocalizer",
        "repositoryURL": "/Users/vladislav/Developer/RxSwiftCommunity/RxLocalizer",
        "state": {
          "branch": "master",
          "revision": "8af586cfd4425598920f04a5b48e27627e8da398",
          "version": null
        }
      },
      {
        "package": "RxSwift",
        "repositoryURL": "https://github.com/ReactiveX/RxSwift.git",
        "state": {
          "branch": null,
          "revision": "002d325b0bdee94e7882e1114af5ff4fe1e96afa",
          "version": "5.1.1"
        }
      }
    ]
  },
  "version": 1
}
