{
  "object": {
    "pins": [
      {
        "package": "RxLocalizer",
        "repositoryURL": "/Users/vladkhambir/Developer/RxLocalizer",
        "state": {
          "branch": null,
          "revision": "bd40d553e04e4dd751d579ba6144921ef9e12901",
          "version": "1.6.0"
        }
      },
      {
        "package": "RxSwift",
        "repositoryURL": "https://github.com/ReactiveX/RxSwift.git",
        "state": {
          "branch": null,
          "revision": "7e01c05f25c025143073eaa3be3532f9375c614b",
          "version": "6.1.0"
        }
      }
    ]
  },
  "version": 1
}
